// !$*UTF8*$!
{
	archiveVersion = 1;
	classes = {
	};
	objectVersion = 46;
	objects = {

/* Begin PBXBuildFile section */
		7C80EEE11C9C31550098302C /* AppDelegate.swift in Sources */ = {isa = PBXBuildFile; fileRef = 7C80EEE01C9C31550098302C /* AppDelegate.swift */; };
		7C80EEE31C9C31550098302C /* ViewController.swift in Sources */ = {isa = PBXBuildFile; fileRef = 7C80EEE21C9C31550098302C /* ViewController.swift */; };
		7C80EEE61C9C31550098302C /* Main.storyboard in Resources */ = {isa = PBXBuildFile; fileRef = 7C80EEE41C9C31550098302C /* Main.storyboard */; };
		7C80EEE81C9C31550098302C /* Assets.xcassets in Resources */ = {isa = PBXBuildFile; fileRef = 7C80EEE71C9C31550098302C /* Assets.xcassets */; };
		7C80EEEB1C9C31550098302C /* LaunchScreen.storyboard in Resources */ = {isa = PBXBuildFile; fileRef = 7C80EEE91C9C31550098302C /* LaunchScreen.storyboard */; };
		7C80EEF61C9C31550098302C /* Project_SweatTests.swift in Sources */ = {isa = PBXBuildFile; fileRef = 7C80EEF51C9C31550098302C /* Project_SweatTests.swift */; };
		7C80EF011C9C31550098302C /* Project_SweatUITests.swift in Sources */ = {isa = PBXBuildFile; fileRef = 7C80EF001C9C31550098302C /* Project_SweatUITests.swift */; };
		7C80EF0F1C9C3C4F0098302C /* Droplet.png in Resources */ = {isa = PBXBuildFile; fileRef = 7C80EF0E1C9C3C4F0098302C /* Droplet.png */; };
		7C80EF121C9C401A0098302C /* Background.jpg in Resources */ = {isa = PBXBuildFile; fileRef = 7C80EF111C9C401A0098302C /* Background.jpg */; };
/* End PBXBuildFile section */

/* Begin PBXContainerItemProxy section */
		7C80EEF21C9C31550098302C /* PBXContainerItemProxy */ = {
			isa = PBXContainerItemProxy;
			containerPortal = 7C80EED51C9C31550098302C /* Project object */;
			proxyType = 1;
			remoteGlobalIDString = 7C80EEDC1C9C31550098302C;
			remoteInfo = "Project Sweat";
		};
		7C80EEFD1C9C31550098302C /* PBXContainerItemProxy */ = {
			isa = PBXContainerItemProxy;
			containerPortal = 7C80EED51C9C31550098302C /* Project object */;
			proxyType = 1;
			remoteGlobalIDString = 7C80EEDC1C9C31550098302C;
			remoteInfo = "Project Sweat";
		};
/* End PBXContainerItemProxy section */

/* Begin PBXFileReference section */
		7C80EEDD1C9C31550098302C /* Project Sweat.app */ = {isa = PBXFileReference; explicitFileType = wrapper.application; includeInIndex = 0; path = "Project Sweat.app"; sourceTree = BUILT_PRODUCTS_DIR; };
		7C80EEE01C9C31550098302C /* AppDelegate.swift */ = {isa = PBXFileReference; lastKnownFileType = sourcecode.swift; path = AppDelegate.swift; sourceTree = "<group>"; };
		7C80EEE21C9C31550098302C /* ViewController.swift */ = {isa = PBXFileReference; lastKnownFileType = sourcecode.swift; path = ViewController.swift; sourceTree = "<group>"; };
		7C80EEE51C9C31550098302C /* Base */ = {isa = PBXFileReference; lastKnownFileType = file.storyboard; name = Base; path = Base.lproj/Main.storyboard; sourceTree = "<group>"; };
		7C80EEE71C9C31550098302C /* Assets.xcassets */ = {isa = PBXFileReference; lastKnownFileType = folder.assetcatalog; path = Assets.xcassets; sourceTree = "<group>"; };
		7C80EEEA1C9C31550098302C /* Base */ = {isa = PBXFileReference; lastKnownFileType = file.storyboard; name = Base; path = Base.lproj/LaunchScreen.storyboard; sourceTree = "<group>"; };
		7C80EEEC1C9C31550098302C /* Info.plist */ = {isa = PBXFileReference; lastKnownFileType = text.plist.xml; path = Info.plist; sourceTree = "<group>"; };
		7C80EEF11C9C31550098302C /* Project SweatTests.xctest */ = {isa = PBXFileReference; explicitFileType = wrapper.cfbundle; includeInIndex = 0; path = "Project SweatTests.xctest"; sourceTree = BUILT_PRODUCTS_DIR; };
		7C80EEF51C9C31550098302C /* Project_SweatTests.swift */ = {isa = PBXFileReference; lastKnownFileType = sourcecode.swift; path = Project_SweatTests.swift; sourceTree = "<group>"; };
		7C80EEF71C9C31550098302C /* Info.plist */ = {isa = PBXFileReference; lastKnownFileType = text.plist.xml; path = Info.plist; sourceTree = "<group>"; };
		7C80EEFC1C9C31550098302C /* Project SweatUITests.xctest */ = {isa = PBXFileReference; explicitFileType = wrapper.cfbundle; includeInIndex = 0; path = "Project SweatUITests.xctest"; sourceTree = BUILT_PRODUCTS_DIR; };
		7C80EF001C9C31550098302C /* Project_SweatUITests.swift */ = {isa = PBXFileReference; lastKnownFileType = sourcecode.swift; path = Project_SweatUITests.swift; sourceTree = "<group>"; };
		7C80EF021C9C31550098302C /* Info.plist */ = {isa = PBXFileReference; lastKnownFileType = text.plist.xml; path = Info.plist; sourceTree = "<group>"; };
		7C80EF0E1C9C3C4F0098302C /* Droplet.png */ = {isa = PBXFileReference; lastKnownFileType = image.png; path = Droplet.png; sourceTree = "<group>"; };
		7C80EF111C9C401A0098302C /* Background.jpg */ = {isa = PBXFileReference; lastKnownFileType = image.jpeg; path = Background.jpg; sourceTree = "<group>"; };
/* End PBXFileReference section */

/* Begin PBXFrameworksBuildPhase section */
		7C80EEDA1C9C31550098302C /* Frameworks */ = {
			isa = PBXFrameworksBuildPhase;
			buildActionMask = 2147483647;
			files = (
			);
			runOnlyForDeploymentPostprocessing = 0;
		};
		7C80EEEE1C9C31550098302C /* Frameworks */ = {
			isa = PBXFrameworksBuildPhase;
			buildActionMask = 2147483647;
			files = (
			);
			runOnlyForDeploymentPostprocessing = 0;
		};
		7C80EEF91C9C31550098302C /* Frameworks */ = {
			isa = PBXFrameworksBuildPhase;
			buildActionMask = 2147483647;
			files = (
			);
			runOnlyForDeploymentPostprocessing = 0;
		};
/* End PBXFrameworksBuildPhase section */

/* Begin PBXGroup section */
		7C80EED41C9C31550098302C = {
			isa = PBXGroup;
			children = (
				7C80EEDF1C9C31550098302C /* Project Sweat */,
				7C80EEF41C9C31550098302C /* Project SweatTests */,
				7C80EEFF1C9C31550098302C /* Project SweatUITests */,
				7C80EEDE1C9C31550098302C /* Products */,
			);
			sourceTree = "<group>";
		};
		7C80EEDE1C9C31550098302C /* Products */ = {
			isa = PBXGroup;
			children = (
				7C80EEDD1C9C31550098302C /* Project Sweat.app */,
				7C80EEF11C9C31550098302C /* Project SweatTests.xctest */,
				7C80EEFC1C9C31550098302C /* Project SweatUITests.xctest */,
			);
			name = Products;
			sourceTree = "<group>";
		};
		7C80EEDF1C9C31550098302C /* Project Sweat */ = {
			isa = PBXGroup;
			children = (
				7C80EEE01C9C31550098302C /* AppDelegate.swift */,
				7C80EEE21C9C31550098302C /* ViewController.swift */,
				7C80EEE41C9C31550098302C /* Main.storyboard */,
				7C80EEE71C9C31550098302C /* Assets.xcassets */,
				7C80EEE91C9C31550098302C /* LaunchScreen.storyboard */,
				7C80EEEC1C9C31550098302C /* Info.plist */,
				7C80EF101C9C3DA50098302C /* Images */,
			);
			path = "Project Sweat";
			sourceTree = "<group>";
		};
		7C80EEF41C9C31550098302C /* Project SweatTests */ = {
			isa = PBXGroup;
			children = (
				7C80EEF51C9C31550098302C /* Project_SweatTests.swift */,
				7C80EEF71C9C31550098302C /* Info.plist */,
			);
			path = "Project SweatTests";
			sourceTree = "<group>";
		};
		7C80EEFF1C9C31550098302C /* Project SweatUITests */ = {
			isa = PBXGroup;
			children = (
				7C80EF001C9C31550098302C /* Project_SweatUITests.swift */,
				7C80EF021C9C31550098302C /* Info.plist */,
			);
			path = "Project SweatUITests";
			sourceTree = "<group>";
		};
		7C80EF101C9C3DA50098302C /* Images */ = {
			isa = PBXGroup;
			children = (
				7C80EF0E1C9C3C4F0098302C /* Droplet.png */,
				7C80EF111C9C401A0098302C /* Background.jpg */,
			);
			name = Images;
			sourceTree = "<group>";
		};
/* End PBXGroup section */

/* Begin PBXNativeTarget section */
		7C80EEDC1C9C31550098302C /* Project Sweat */ = {
			isa = PBXNativeTarget;
			buildConfigurationList = 7C80EF051C9C31550098302C /* Build configuration list for PBXNativeTarget "Project Sweat" */;
			buildPhases = (
				7C80EED91C9C31550098302C /* Sources */,
				7C80EEDA1C9C31550098302C /* Frameworks */,
				7C80EEDB1C9C31550098302C /* Resources */,
			);
			buildRules = (
			);
			dependencies = (
			);
			name = "Project Sweat";
			productName = "Project Sweat";
			productReference = 7C80EEDD1C9C31550098302C /* Project Sweat.app */;
			productType = "com.apple.product-type.application";
		};
		7C80EEF01C9C31550098302C /* Project SweatTests */ = {
			isa = PBXNativeTarget;
			buildConfigurationList = 7C80EF081C9C31550098302C /* Build configuration list for PBXNativeTarget "Project SweatTests" */;
			buildPhases = (
				7C80EEED1C9C31550098302C /* Sources */,
				7C80EEEE1C9C31550098302C /* Frameworks */,
				7C80EEEF1C9C31550098302C /* Resources */,
			);
			buildRules = (
			);
			dependencies = (
				7C80EEF31C9C31550098302C /* PBXTargetDependency */,
			);
			name = "Project SweatTests";
			productName = "Project SweatTests";
			productReference = 7C80EEF11C9C31550098302C /* Project SweatTests.xctest */;
			productType = "com.apple.product-type.bundle.unit-test";
		};
		7C80EEFB1C9C31550098302C /* Project SweatUITests */ = {
			isa = PBXNativeTarget;
			buildConfigurationList = 7C80EF0B1C9C31550098302C /* Build configuration list for PBXNativeTarget "Project SweatUITests" */;
			buildPhases = (
				7C80EEF81C9C31550098302C /* Sources */,
				7C80EEF91C9C31550098302C /* Frameworks */,
				7C80EEFA1C9C31550098302C /* Resources */,
			);
			buildRules = (
			);
			dependencies = (
				7C80EEFE1C9C31550098302C /* PBXTargetDependency */,
			);
			name = "Project SweatUITests";
			productName = "Project SweatUITests";
			productReference = 7C80EEFC1C9C31550098302C /* Project SweatUITests.xctest */;
			productType = "com.apple.product-type.bundle.ui-testing";
		};
/* End PBXNativeTarget section */

/* Begin PBXProject section */
		7C80EED51C9C31550098302C /* Project object */ = {
			isa = PBXProject;
			attributes = {
				LastSwiftUpdateCheck = 0720;
				LastUpgradeCheck = 0720;
				ORGANIZATIONNAME = "Caio Ruzene Pretti";
				TargetAttributes = {
					7C80EEDC1C9C31550098302C = {
						CreatedOnToolsVersion = 7.2.1;
					};
					7C80EEF01C9C31550098302C = {
						CreatedOnToolsVersion = 7.2.1;
						TestTargetID = 7C80EEDC1C9C31550098302C;
					};
					7C80EEFB1C9C31550098302C = {
						CreatedOnToolsVersion = 7.2.1;
						TestTargetID = 7C80EEDC1C9C31550098302C;
					};
				};
			};
			buildConfigurationList = 7C80EED81C9C31550098302C /* Build configuration list for PBXProject "Project Sweat" */;
			compatibilityVersion = "Xcode 3.2";
			developmentRegion = English;
			hasScannedForEncodings = 0;
			knownRegions = (
				en,
				Base,
			);
			mainGroup = 7C80EED41C9C31550098302C;
			productRefGroup = 7C80EEDE1C9C31550098302C /* Products */;
			projectDirPath = "";
			projectRoot = "";
			targets = (
				7C80EEDC1C9C31550098302C /* Project Sweat */,
				7C80EEF01C9C31550098302C /* Project SweatTests */,
				7C80EEFB1C9C31550098302C /* Project SweatUITests */,
			);
		};
/* End PBXProject section */

/* Begin PBXResourcesBuildPhase section */
		7C80EEDB1C9C31550098302C /* Resources */ = {
			isa = PBXResourcesBuildPhase;
			buildActionMask = 2147483647;
			files = (
				7C80EF0F1C9C3C4F0098302C /* Droplet.png in Resources */,
				7C80EEEB1C9C31550098302C /* LaunchScreen.storyboard in Resources */,
				7C80EF121C9C401A0098302C /* Background.jpg in Resources */,
				7C80EEE81C9C31550098302C /* Assets.xcassets in Resources */,
				7C80EEE61C9C31550098302C /* Main.storyboard in Resources */,
			);
			runOnlyForDeploymentPostprocessing = 0;
		};
		7C80EEEF1C9C31550098302C /* Resources */ = {
			isa = PBXResourcesBuildPhase;
			buildActionMask = 2147483647;
			files = (
			);
			runOnlyForDeploymentPostprocessing = 0;
		};
		7C80EEFA1C9C31550098302C /* Resources */ = {
			isa = PBXResourcesBuildPhase;
			buildActionMask = 2147483647;
			files = (
			);
			runOnlyForDeploymentPostprocessing = 0;
		};
/* End PBXResourcesBuildPhase section */

/* Begin PBXSourcesBuildPhase section */
		7C80EED91C9C31550098302C /* Sources */ = {
			isa = PBXSourcesBuildPhase;
			buildActionMask = 2147483647;
			files = (
				7C80EEE31C9C31550098302C /* ViewController.swift in Sources */,
				7C80EEE11C9C31550098302C /* AppDelegate.swift in Sources */,
			);
			runOnlyForDeploymentPostprocessing = 0;
		};
		7C80EEED1C9C31550098302C /* Sources */ = {
			isa = PBXSourcesBuildPhase;
			buildActionMask = 2147483647;
			files = (
				7C80EEF61C9C31550098302C /* Project_SweatTests.swift in Sources */,
			);
			runOnlyForDeploymentPostprocessing = 0;
		};
		7C80EEF81C9C31550098302C /* Sources */ = {
			isa = PBXSourcesBuildPhase;
			buildActionMask = 2147483647;
			files = (
				7C80EF011C9C31550098302C /* Project_SweatUITests.swift in Sources */,
			);
			runOnlyForDeploymentPostprocessing = 0;
		};
/* End PBXSourcesBuildPhase section */

/* Begin PBXTargetDependency section */
		7C80EEF31C9C31550098302C /* PBXTargetDependency */ = {
			isa = PBXTargetDependency;
			target = 7C80EEDC1C9C31550098302C /* Project Sweat */;
			targetProxy = 7C80EEF21C9C31550098302C /* PBXContainerItemProxy */;
		};
		7C80EEFE1C9C31550098302C /* PBXTargetDependency */ = {
			isa = PBXTargetDependency;
			target = 7C80EEDC1C9C31550098302C /* Project Sweat */;
			targetProxy = 7C80EEFD1C9C31550098302C /* PBXContainerItemProxy */;
		};
/* End PBXTargetDependency section */

/* Begin PBXVariantGroup section */
		7C80EEE41C9C31550098302C /* Main.storyboard */ = {
			isa = PBXVariantGroup;
			children = (
				7C80EEE51C9C31550098302C /* Base */,
			);
			name = Main.storyboard;
			sourceTree = "<group>";
		};
		7C80EEE91C9C31550098302C /* LaunchScreen.storyboard */ = {
			isa = PBXVariantGroup;
			children = (
				7C80EEEA1C9C31550098302C /* Base */,
			);
			name = LaunchScreen.storyboard;
			sourceTree = "<group>";
		};
/* End PBXVariantGroup section */

/* Begin XCBuildConfiguration section */
		7C80EF031C9C31550098302C /* Debug */ = {
			isa = XCBuildConfiguration;
			buildSettings = {
				ALWAYS_SEARCH_USER_PATHS = NO;
				CLANG_CXX_LANGUAGE_STANDARD = "gnu++0x";
				CLANG_CXX_LIBRARY = "libc++";
				CLANG_ENABLE_MODULES = YES;
				CLANG_ENABLE_OBJC_ARC = YES;
				CLANG_WARN_BOOL_CONVERSION = YES;
				CLANG_WARN_CONSTANT_CONVERSION = YES;
				CLANG_WARN_DIRECT_OBJC_ISA_USAGE = YES_ERROR;
				CLANG_WARN_EMPTY_BODY = YES;
				CLANG_WARN_ENUM_CONVERSION = YES;
				CLANG_WARN_INT_CONVERSION = YES;
				CLANG_WARN_OBJC_ROOT_CLASS = YES_ERROR;
				CLANG_WARN_UNREACHABLE_CODE = YES;
				CLANG_WARN__DUPLICATE_METHOD_MATCH = YES;
				"CODE_SIGN_IDENTITY[sdk=iphoneos*]" = "iPhone Developer";
				COPY_PHASE_STRIP = NO;
				DEBUG_INFORMATION_FORMAT = dwarf;
				ENABLE_STRICT_OBJC_MSGSEND = YES;
				ENABLE_TESTABILITY = YES;
				GCC_C_LANGUAGE_STANDARD = gnu99;
				GCC_DYNAMIC_NO_PIC = NO;
				GCC_NO_COMMON_BLOCKS = YES;
				GCC_OPTIMIZATION_LEVEL = 0;
				GCC_PREPROCESSOR_DEFINITIONS = (
					"DEBUG=1",
					"$(inherited)",
				);
				GCC_WARN_64_TO_32_BIT_CONVERSION = YES;
				GCC_WARN_ABOUT_RETURN_TYPE = YES_ERROR;
				GCC_WARN_UNDECLARED_SELECTOR = YES;
				GCC_WARN_UNINITIALIZED_AUTOS = YES_AGGRESSIVE;
				GCC_WARN_UNUSED_FUNCTION = YES;
				GCC_WARN_UNUSED_VARIABLE = YES;
				IPHONEOS_DEPLOYMENT_TARGET = 9.2;
				MTL_ENABLE_DEBUG_INFO = YES;
				ONLY_ACTIVE_ARCH = YES;
				SDKROOT = iphoneos;
				SWIFT_OPTIMIZATION_LEVEL = "-Onone";
				TARGETED_DEVICE_FAMILY = "1,2";
			};
			name = Debug;
		};
		7C80EF041C9C31550098302C /* Release */ = {
			isa = XCBuildConfiguration;
			buildSettings = {
				ALWAYS_SEARCH_USER_PATHS = NO;
				CLANG_CXX_LANGUAGE_STANDARD = "gnu++0x";
				CLANG_CXX_LIBRARY = "libc++";
				CLANG_ENABLE_MODULES = YES;
				CLANG_ENABLE_OBJC_ARC = YES;
				CLANG_WARN_BOOL_CONVERSION = YES;
				CLANG_WARN_CONSTANT_CONVERSION = YES;
				CLANG_WARN_DIRECT_OBJC_ISA_USAGE = YES_ERROR;
				CLANG_WARN_EMPTY_BODY = YES;
				CLANG_WARN_ENUM_CONVERSION = YES;
				CLANG_WARN_INT_CONVERSION = YES;
				CLANG_WARN_OBJC_ROOT_CLASS = YES_ERROR;
				CLANG_WARN_UNREACHABLE_CODE = YES;
				CLANG_WARN__DUPLICATE_METHOD_MATCH = YES;
				"CODE_SIGN_IDENTITY[sdk=iphoneos*]" = "iPhone Developer";
				COPY_PHASE_STRIP = NO;
				DEBUG_INFORMATION_FORMAT = "dwarf-with-dsym";
				ENABLE_NS_ASSERTIONS = NO;
				ENABLE_STRICT_OBJC_MSGSEND = YES;
				GCC_C_LANGUAGE_STANDARD = gnu99;
				GCC_NO_COMMON_BLOCKS = YES;
				GCC_WARN_64_TO_32_BIT_CONVERSION = YES;
				GCC_WARN_ABOUT_RETURN_TYPE = YES_ERROR;
				GCC_WARN_UNDECLARED_SELECTOR = YES;
				GCC_WARN_UNINITIALIZED_AUTOS = YES_AGGRESSIVE;
				GCC_WARN_UNUSED_FUNCTION = YES;
				GCC_WARN_UNUSED_VARIABLE = YES;
				IPHONEOS_DEPLOYMENT_TARGET = 9.2;
				MTL_ENABLE_DEBUG_INFO = NO;
				SDKROOT = iphoneos;
				TARGETED_DEVICE_FAMILY = "1,2";
				VALIDATE_PRODUCT = YES;
			};
			name = Release;
		};
		7C80EF061C9C31550098302C /* Debug */ = {
			isa = XCBuildConfiguration;
			buildSettings = {
				ASSETCATALOG_COMPILER_APPICON_NAME = AppIcon;
				INFOPLIST_FILE = "Project Sweat/Info.plist";
				LD_RUNPATH_SEARCH_PATHS = "$(inherited) @executable_path/Frameworks";
				PRODUCT_BUNDLE_IDENTIFIER = "ProductDesign.Project-Sweat";
				PRODUCT_NAME = "$(TARGET_NAME)";
				TARGETED_DEVICE_FAMILY = "1,2";
			};
			name = Debug;
		};
		7C80EF071C9C31550098302C /* Release */ = {
			isa = XCBuildConfiguration;
			buildSettings = {
				ASSETCATALOG_COMPILER_APPICON_NAME = AppIcon;
				INFOPLIST_FILE = "Project Sweat/Info.plist";
				LD_RUNPATH_SEARCH_PATHS = "$(inherited) @executable_path/Frameworks";
				PRODUCT_BUNDLE_IDENTIFIER = "ProductDesign.Project-Sweat";
				PRODUCT_NAME = "$(TARGET_NAME)";
				TARGETED_DEVICE_FAMILY = "1,2";
			};
			name = Release;
		};
		7C80EF091C9C31550098302C /* Debug */ = {
			isa = XCBuildConfiguration;
			buildSettings = {
				BUNDLE_LOADER = "$(TEST_HOST)";
				INFOPLIST_FILE = "Project SweatTests/Info.plist";
				LD_RUNPATH_SEARCH_PATHS = "$(inherited) @executable_path/Frameworks @loader_path/Frameworks";
				PRODUCT_BUNDLE_IDENTIFIER = "ProductDesign.Project-SweatTests";
				PRODUCT_NAME = "$(TARGET_NAME)";
				TEST_HOST = "$(BUILT_PRODUCTS_DIR)/Project Sweat.app/Project Sweat";
			};
			name = Debug;
		};
		7C80EF0A1C9C31550098302C /* Release */ = {
			isa = XCBuildConfiguration;
			buildSettings = {
				BUNDLE_LOADER = "$(TEST_HOST)";
				INFOPLIST_FILE = "Project SweatTests/Info.plist";
				LD_RUNPATH_SEARCH_PATHS = "$(inherited) @executable_path/Frameworks @loader_path/Frameworks";
				PRODUCT_BUNDLE_IDENTIFIER = "ProductDesign.Project-SweatTests";
				PRODUCT_NAME = "$(TARGET_NAME)";
				TEST_HOST = "$(BUILT_PRODUCTS_DIR)/Project Sweat.app/Project Sweat";
			};
			name = Release;
		};
		7C80EF0C1C9C31550098302C /* Debug */ = {
			isa = XCBuildConfiguration;
			buildSettings = {
				INFOPLIST_FILE = "Project SweatUITests/Info.plist";
				LD_RUNPATH_SEARCH_PATHS = "$(inherited) @executable_path/Frameworks @loader_path/Frameworks";
				PRODUCT_BUNDLE_IDENTIFIER = "ProductDesign.Project-SweatUITests";
				PRODUCT_NAME = "$(TARGET_NAME)";
				TEST_TARGET_NAME = "Project Sweat";
				USES_XCTRUNNER = YES;
			};
			name = Debug;
		};
		7C80EF0D1C9C31550098302C /* Release */ = {
			isa = XCBuildConfiguration;
			buildSettings = {
				INFOPLIST_FILE = "Project SweatUITests/Info.plist";
				LD_RUNPATH_SEARCH_PATHS = "$(inherited) @executable_path/Frameworks @loader_path/Frameworks";
				PRODUCT_BUNDLE_IDENTIFIER = "ProductDesign.Project-SweatUITests";
				PRODUCT_NAME = "$(TARGET_NAME)";
				TEST_TARGET_NAME = "Project Sweat";
				USES_XCTRUNNER = YES;
			};
			name = Release;
		};
/* End XCBuildConfiguration section */

/* Begin XCConfigurationList section */
		7C80EED81C9C31550098302C /* Build configuration list for PBXProject "Project Sweat" */ = {
			isa = XCConfigurationList;
			buildConfigurations = (
				7C80EF031C9C31550098302C /* Debug */,
				7C80EF041C9C31550098302C /* Release */,
			);
			defaultConfigurationIsVisible = 0;
			defaultConfigurationName = Release;
		};
		7C80EF051C9C31550098302C /* Build configuration list for PBXNativeTarget "Project Sweat" */ = {
			isa = XCConfigurationList;
			buildConfigurations = (
				7C80EF061C9C31550098302C /* Debug */,
				7C80EF071C9C31550098302C /* Release */,
			);
			defaultConfigurationIsVisible = 0;
			defaultConfigurationName = Release;
		};
		7C80EF081C9C31550098302C /* Build configuration list for PBXNativeTarget "Project SweatTests" */ = {
			isa = XCConfigurationList;
			buildConfigurations = (
				7C80EF091C9C31550098302C /* Debug */,
				7C80EF0A1C9C31550098302C /* Release */,
			);
			defaultConfigurationIsVisible = 0;
			defaultConfigurationName = Release;
		};
		7C80EF0B1C9C31550098302C /* Build configuration list for PBXNativeTarget "Project SweatUITests" */ = {
			isa = XCConfigurationList;
			buildConfigurations = (
				7C80EF0C1C9C31550098302C /* Debug */,
				7C80EF0D1C9C31550098302C /* Release */,
			);
			defaultConfigurationIsVisible = 0;
			defaultConfigurationName = Release;
		};
/* End XCConfigurationList section */
	};
	rootObject = 7C80EED51C9C31550098302C /* Project object */;
}
